<?xml version="1.0" encoding="utf-8"?>
<Project ToolsVersion="4.0" xmlns="http://schemas.microsoft.com/developer/msbuild/2003">
  <ItemGroup>
    <Filter Include="Archivos de origen">
      <UniqueIdentifier>{4FC737F1-C7A5-4376-A066-2A32D752A2FF}</UniqueIdentifier>
      <Extensions>cpp;c;cc;cxx;c++;cppm;ixx;def;odl;idl;hpj;bat;asm;asmx</Extensions>
    </Filter>
    <Filter Include="Archivos de encabezado">
      <UniqueIdentifier>{93995380-89BD-4b04-88EB-625FBE52EBFB}</UniqueIdentifier>
      <Extensions>h;hh;hpp;hxx;h++;hm;inl;inc;ipp;xsd</Extensions>
    </Filter>
    <Filter Include="Archivos de recursos">
      <UniqueIdentifier>{67DA6AB6-F800-4c08-8B7A-83BB121AAD01}</UniqueIdentifier>
      <Extensions>rc;ico;cur;bmp;dlg;rc2;rct;bin;rgs;gif;jpg;jpeg;jpe;resx;tiff;tif;png;wav;mfcribbon-ms</Extensions>
    </Filter>
    <Filter Include="Archivos de encabezado\classes">
      <UniqueIdentifier>{da615d81-39b9-44e9-bb8d-7a1f72eace37}</UniqueIdentifier>
    </Filter>
  </ItemGroup>
  <ItemGroup>
    <ClCompile Include="poker_omaha_hi.cpp">
      <Filter>Archivos de origen</Filter>
    </ClCompile>
    <ClCompile Include="..\Classes\card.cpp">
      <Filter>Archivos de origen</Filter>
    </ClCompile>
    <ClCompile Include="..\Classes\deck.cpp">
      <Filter>Archivos de origen</Filter>
    </ClCompile>
    <ClCompile Include="..\Classes\dealer.cpp">
      <Filter>Archivos de origen</Filter>
    </ClCompile>
    <ClCompile Include="..\Classes\player_hand.cpp">
      <Filter>Archivos de origen</Filter>
    </ClCompile>
    <ClCompile Include="..\Classes\poker_table.cpp">
      <Filter>Archivos de origen</Filter>
    </ClCompile>
    <ClCompile Include="..\Classes\player.cpp">
      <Filter>Archivos de origen</Filter>
    </ClCompile>
    <ClCompile Include="winning_play.cpp">
      <Filter>Archivos de origen</Filter>
    </ClCompile>
    <ClCompile Include="royal_flush.cpp">
      <Filter>Archivos de origen</Filter>
    </ClCompile>
    <ClCompile Include="high_card.cpp">
      <Filter>Archivos de origen</Filter>
    </ClCompile>
    <ClCompile Include="poker.cpp">
      <Filter>Archivos de origen</Filter>
    </ClCompile>
    <ClCompile Include="full_house.cpp">
      <Filter>Archivos de origen</Filter>
    </ClCompile>
    <ClCompile Include="trio.cpp">
      <Filter>Archivos de origen</Filter>
    </ClCompile>
    <ClCompile Include="double _couple.cpp">
      <Filter>Archivos de origen</Filter>
    </ClCompile>
    <ClCompile Include="color.cpp">
      <Filter>Archivos de origen</Filter>
    </ClCompile>
    <ClCompile Include="couple.cpp">
      <Filter>Archivos de origen</Filter>
    </ClCompile>
    <ClCompile Include="straight_flush.cpp">
      <Filter>Archivos de origen</Filter>
    </ClCompile>
    <ClCompile Include="straight.cpp">
      <Filter>Archivos de origen</Filter>
    </ClCompile>
    <ClCompile Include="..\Classes\menu.cpp">
      <Filter>Archivos de origen</Filter>
    </ClCompile>
  </ItemGroup>
  <ItemGroup>
    <None Include=".gitignore" />
  </ItemGroup>
  <ItemGroup>
    <ClInclude Include="..\Classes\card.h">
      <Filter>Archivos de encabezado\classes</Filter>
    </ClInclude>
    <ClInclude Include="..\Classes\dealer.h">
      <Filter>Archivos de encabezado\classes</Filter>
    </ClInclude>
    <ClInclude Include="..\Classes\deck.h">
      <Filter>Archivos de encabezado\classes</Filter>
    </ClInclude>
    <ClInclude Include="..\Classes\player.h">
      <Filter>Archivos de encabezado\classes</Filter>
    </ClInclude>
    <ClInclude Include="..\Classes\player_hand.h">
      <Filter>Archivos de encabezado\classes</Filter>
    </ClInclude>
    <ClInclude Include="..\Classes\poker_table.h">
      <Filter>Archivos de encabezado\classes</Filter>
    </ClInclude>
    <ClInclude Include="high_card.h">
      <Filter>Archivos de encabezado\classes</Filter>
    </ClInclude>
    <ClInclude Include="royal_flush.h">
      <Filter>Archivos de encabezado\classes</Filter>
    </ClInclude>
    <ClInclude Include="winning_play.h">
      <Filter>Archivos de encabezado\classes</Filter>
    </ClInclude>
    <ClInclude Include="poker.h">
      <Filter>Archivos de encabezado\classes</Filter>
    </ClInclude>
    <ClInclude Include="full_house.h">
      <Filter>Archivos de encabezado\classes</Filter>
    </ClInclude>
    <ClInclude Include="trio.h">
      <Filter>Archivos de encabezado\classes</Filter>
    </ClInclude>
    <ClInclude Include="double _couple.h">
      <Filter>Archivos de encabezado\classes</Filter>
    </ClInclude>
    <ClInclude Include="color.h">
      <Filter>Archivos de encabezado\classes</Filter>
    </ClInclude>
    <ClInclude Include="straight_flush.h">
      <Filter>Archivos de encabezado\classes</Filter>
    </ClInclude>
    <ClInclude Include="couple.h">
      <Filter>Archivos de encabezado\classes</Filter>
    </ClInclude>
    <ClInclude Include="straight.h">
      <Filter>Archivos de encabezado\classes</Filter>
    </ClInclude>
    <ClInclude Include="..\Classes\menu.h">
      <Filter>Archivos de encabezado\classes</Filter>
    </ClInclude>
  </ItemGroup>
</Project>